
Microsoft Visual Studio Solution File, Format Version 12.00
# Visual Studio Version 17
VisualStudioVersion = 17.14.36915.13
MinimumVisualStudioVersion = 10.0.40219.1
Project("{FAE04EC0-301F-11D3-BF4B-00C04F79EFBC}") = "ExampleApplication", "ExampleApplication\ExampleApplication.csproj", "{CD382F06-35F2-428A-9A4A-F442A3E305A4}"
EndProject
Project("{FAE04EC0-301F-11D3-BF4B-00C04F79EFBC}") = "LoremIpsumLibrary", "LoremIpsumLibrary\LoremIpsumLibrary.csproj", "{0CE44598-AFBC-4DD3-B224-D72DE5E855F9}"
EndProject
Project("{FAE04EC0-301F-11D3-BF4B-00C04F79EFBC}") = "UnitTest.Lorem", "UnitTest.Lorem\UnitTest.Lorem.csproj", "{804E9E1B-C3B9-4376-A6F9-6DB4E0578745}"
EndProject
Global
	GlobalSection(SolutionConfigurationPlatforms) = preSolution
		Debug|Any CPU = Debug|Any CPU
		Release|Any CPU = Release|Any CPU
	EndGlobalSection
	GlobalSection(ProjectConfigurationPlatforms) = postSolution
		{CD382F06-35F2-428A-9A4A-F442A3E305A4}.Debug|Any CPU.ActiveCfg = Debug|Any CPU
		{CD382F06-35F2-428A-9A4A-F442A3E305A4}.Debug|Any CPU.Build.0 = Debug|Any CPU
		{CD382F06-35F2-428A-9A4A-F442A3E305A4}.Release|Any CPU.ActiveCfg = Release|Any CPU
		{CD382F06-35F2-428A-9A4A-F442A3E305A4}.Release|Any CPU.Build.0 = Release|Any CPU
		{0CE44598-AFBC-4DD3-B224-D72DE5E855F9}.Debug|Any CPU.ActiveCfg = Debug|Any CPU
		{0CE44598-AFBC-4DD3-B224-D72DE5E855F9}.Debug|Any CPU.Build.0 = Debug|Any CPU
		{0CE44598-AFBC-4DD3-B224-D72DE5E855F9}.Release|Any CPU.ActiveCfg = Release|Any CPU
		{0CE44598-AFBC-4DD3-B224-D72DE5E855F9}.Release|Any CPU.Build.0 = Release|Any CPU
		{804E9E1B-C3B9-4376-A6F9-6DB4E0578745}.Debug|Any CPU.ActiveCfg = Debug|Any CPU
		{804E9E1B-C3B9-4376-A6F9-6DB4E0578745}.Debug|Any CPU.Build.0 = Debug|Any CPU
		{804E9E1B-C3B9-4376-A6F9-6DB4E0578745}.Release|Any CPU.ActiveCfg = Release|Any CPU
		{804E9E1B-C3B9-4376-A6F9-6DB4E0578745}.Release|Any CPU.Build.0 = Release|Any CPU
	EndGlobalSection
	GlobalSection(SolutionProperties) = preSolution
		HideSolutionNode = FALSE
	EndGlobalSection
	GlobalSection(ExtensibilityGlobals) = postSolution
		SolutionGuid = {9C1DB3F9-5CDE-4AB1-ACE4-FACB2F86B4F3}
	EndGlobalSection
EndGlobal
